
Microsoft Visual Studio Solution File, Format Version 12.00
# Visual Studio Version 17
VisualStudioVersion = 17.1.32210.238
MinimumVisualStudioVersion = 10.0.40219.1
Project("{FAE04EC0-301F-11D3-BF4B-00C04F79EFBC}") = "Tema 02 - Web Services", "Tema 02 - Web Services\Tema 02 - Web Services.csproj", "{FB984BF4-B94E-4E9E-B24B-2E57A0B91013}"
EndProject
Global
	GlobalSection(SolutionConfigurationPlatforms) = preSolution
		Debug|Any CPU = Debug|Any CPU
		Release|Any CPU = Release|Any CPU
	EndGlobalSection
	GlobalSection(ProjectConfigurationPlatforms) = postSolution
		{FB984BF4-B94E-4E9E-B24B-2E57A0B91013}.Debug|Any CPU.ActiveCfg = Debug|Any CPU
		{FB984BF4-B94E-4E9E-B24B-2E57A0B91013}.Debug|Any CPU.Build.0 = Debug|Any CPU
		{FB984BF4-B94E-4E9E-B24B-2E57A0B91013}.Release|Any CPU.ActiveCfg = Release|Any CPU
		{FB984BF4-B94E-4E9E-B24B-2E57A0B91013}.Release|Any CPU.Build.0 = Release|Any CPU
	EndGlobalSection
	GlobalSection(SolutionProperties) = preSolution
		HideSolutionNode = FALSE
	EndGlobalSection
	GlobalSection(ExtensibilityGlobals) = postSolution
		SolutionGuid = {64763BE3-450E-4E5F-A8F5-4457884F5A9E}
	EndGlobalSection
EndGlobal
