
Microsoft Visual Studio Solution File, Format Version 12.00
# Visual Studio Version 16
VisualStudioVersion = 16.0.32106.194
MinimumVisualStudioVersion = 10.0.40219.1
Project("{9A19103F-16F7-4668-BE54-9A1E7A4F7556}") = "CarDealership.Web", "CarDealership.Web\CarDealership.Web.csproj", "{CFA76A39-E4C8-410B-B6A7-E1223EE21246}"
EndProject
Project("{9A19103F-16F7-4668-BE54-9A1E7A4F7556}") = "CarDealership.Data", "CarDealership.Data\CarDealership.Data.csproj", "{2E7A1B9A-AB79-4E1C-9146-2B8B6FC4F630}"
EndProject
Global
	GlobalSection(SolutionConfigurationPlatforms) = preSolution
		Debug|Any CPU = Debug|Any CPU
		Release|Any CPU = Release|Any CPU
	EndGlobalSection
	GlobalSection(ProjectConfigurationPlatforms) = postSolution
		{CFA76A39-E4C8-410B-B6A7-E1223EE21246}.Debug|Any CPU.ActiveCfg = Debug|Any CPU
		{CFA76A39-E4C8-410B-B6A7-E1223EE21246}.Debug|Any CPU.Build.0 = Debug|Any CPU
		{CFA76A39-E4C8-410B-B6A7-E1223EE21246}.Release|Any CPU.ActiveCfg = Release|Any CPU
		{CFA76A39-E4C8-410B-B6A7-E1223EE21246}.Release|Any CPU.Build.0 = Release|Any CPU
		{2E7A1B9A-AB79-4E1C-9146-2B8B6FC4F630}.Debug|Any CPU.ActiveCfg = Debug|Any CPU
		{2E7A1B9A-AB79-4E1C-9146-2B8B6FC4F630}.Debug|Any CPU.Build.0 = Debug|Any CPU
		{2E7A1B9A-AB79-4E1C-9146-2B8B6FC4F630}.Release|Any CPU.ActiveCfg = Release|Any CPU
		{2E7A1B9A-AB79-4E1C-9146-2B8B6FC4F630}.Release|Any CPU.Build.0 = Release|Any CPU
	EndGlobalSection
	GlobalSection(SolutionProperties) = preSolution
		HideSolutionNode = FALSE
	EndGlobalSection
	GlobalSection(ExtensibilityGlobals) = postSolution
		SolutionGuid = {BEAA1D2F-DB6F-4A6C-9156-693767FB4278}
	EndGlobalSection
EndGlobal
